
Microsoft Visual Studio Solution File, Format Version 12.00
# Visual Studio Version 17
VisualStudioVersion = 17.0.32014.148
MinimumVisualStudioVersion = 10.0.40219.1
Project("{FAE04EC0-301F-11D3-BF4B-00C04F79EFBC}") = "Sample game", "Sample game\Sample game.csproj", "{74DF1B0E-5917-46C6-AD93-EB76FBC8DE6A}"
EndProject
Global
	GlobalSection(SolutionConfigurationPlatforms) = preSolution
		Debug|Any CPU = Debug|Any CPU
		Release|Any CPU = Release|Any CPU
	EndGlobalSection
	GlobalSection(ProjectConfigurationPlatforms) = postSolution
		{74DF1B0E-5917-46C6-AD93-EB76FBC8DE6A}.Debug|Any CPU.ActiveCfg = Debug|Any CPU
		{74DF1B0E-5917-46C6-AD93-EB76FBC8DE6A}.Debug|Any CPU.Build.0 = Debug|Any CPU
		{74DF1B0E-5917-46C6-AD93-EB76FBC8DE6A}.Release|Any CPU.ActiveCfg = Release|Any CPU
		{74DF1B0E-5917-46C6-AD93-EB76FBC8DE6A}.Release|Any CPU.Build.0 = Release|Any CPU
	EndGlobalSection
	GlobalSection(SolutionProperties) = preSolution
		HideSolutionNode = FALSE
	EndGlobalSection
	GlobalSection(ExtensibilityGlobals) = postSolution
		SolutionGuid = {C422BDC4-FF81-4083-B482-132369028AFF}
	EndGlobalSection
EndGlobal
